
Microsoft Visual Studio Solution File, Format Version 12.00
# Visual Studio Version 17
VisualStudioVersion = 17.5.002.0
MinimumVisualStudioVersion = 10.0.40219.1
Project("{9A19103F-16F7-4668-BE54-9A1E7A4F7556}") = "SQLite-Sharp", "SQLite-Sharp\SQLite-Sharp.csproj", "{1E7DACAA-C749-49CE-BB1C-14744951BF04}"
EndProject
Global
	GlobalSection(SolutionConfigurationPlatforms) = preSolution
		Debug|Any CPU = Debug|Any CPU
		Release|Any CPU = Release|Any CPU
	EndGlobalSection
	GlobalSection(ProjectConfigurationPlatforms) = postSolution
		{1E7DACAA-C749-49CE-BB1C-14744951BF04}.Debug|Any CPU.ActiveCfg = Debug|Any CPU
		{1E7DACAA-C749-49CE-BB1C-14744951BF04}.Debug|Any CPU.Build.0 = Debug|Any CPU
		{1E7DACAA-C749-49CE-BB1C-14744951BF04}.Release|Any CPU.ActiveCfg = Release|Any CPU
		{1E7DACAA-C749-49CE-BB1C-14744951BF04}.Release|Any CPU.Build.0 = Release|Any CPU
	EndGlobalSection
	GlobalSection(SolutionProperties) = preSolution
		HideSolutionNode = FALSE
	EndGlobalSection
	GlobalSection(ExtensibilityGlobals) = postSolution
		SolutionGuid = {9D9B980D-03FD-4A79-B798-DC84A1505E3A}
	EndGlobalSection
EndGlobal
